
Microsoft Visual Studio Solution File, Format Version 12.00
# Visual Studio Version 17
VisualStudioVersion = 17.2.32519.379
MinimumVisualStudioVersion = 10.0.40219.1
Project("{FAE04EC0-301F-11D3-BF4B-00C04F79EFBC}") = "LAB_1", "LAB_1\LAB_1.csproj", "{6E538D1A-68F6-419E-B1D3-063A1AE223DE}"
EndProject
Global
	GlobalSection(SolutionConfigurationPlatforms) = preSolution
		Debug|Any CPU = Debug|Any CPU
		Release|Any CPU = Release|Any CPU
	EndGlobalSection
	GlobalSection(ProjectConfigurationPlatforms) = postSolution
		{6E538D1A-68F6-419E-B1D3-063A1AE223DE}.Debug|Any CPU.ActiveCfg = Debug|Any CPU
		{6E538D1A-68F6-419E-B1D3-063A1AE223DE}.Debug|Any CPU.Build.0 = Debug|Any CPU
		{6E538D1A-68F6-419E-B1D3-063A1AE223DE}.Release|Any CPU.ActiveCfg = Release|Any CPU
		{6E538D1A-68F6-419E-B1D3-063A1AE223DE}.Release|Any CPU.Build.0 = Release|Any CPU
	EndGlobalSection
	GlobalSection(SolutionProperties) = preSolution
		HideSolutionNode = FALSE
	EndGlobalSection
	GlobalSection(ExtensibilityGlobals) = postSolution
		SolutionGuid = {1989484A-65DA-4E13-9A79-C55BC638939C}
	EndGlobalSection
EndGlobal
